
Microsoft Visual Studio Solution File, Format Version 12.00
# Visual Studio 15
VisualStudioVersion = 15.0.28307.2092
MinimumVisualStudioVersion = 10.0.40219.1
Project("{FAE04EC0-301F-11D3-BF4B-00C04F79EFBC}") = "CLASE_03", "CLASE_03\CLASE_03.csproj", "{ED1F8A4C-8FB2-4F1C-835B-5E81179182F9}"
EndProject
Global
	GlobalSection(SolutionConfigurationPlatforms) = preSolution
		Debug|Any CPU = Debug|Any CPU
		Release|Any CPU = Release|Any CPU
	EndGlobalSection
	GlobalSection(ProjectConfigurationPlatforms) = postSolution
		{ED1F8A4C-8FB2-4F1C-835B-5E81179182F9}.Debug|Any CPU.ActiveCfg = Debug|Any CPU
		{ED1F8A4C-8FB2-4F1C-835B-5E81179182F9}.Debug|Any CPU.Build.0 = Debug|Any CPU
		{ED1F8A4C-8FB2-4F1C-835B-5E81179182F9}.Release|Any CPU.ActiveCfg = Release|Any CPU
		{ED1F8A4C-8FB2-4F1C-835B-5E81179182F9}.Release|Any CPU.Build.0 = Release|Any CPU
	EndGlobalSection
	GlobalSection(SolutionProperties) = preSolution
		HideSolutionNode = FALSE
	EndGlobalSection
	GlobalSection(ExtensibilityGlobals) = postSolution
		SolutionGuid = {27AE2386-E577-4BB7-987D-5C23746A23E0}
	EndGlobalSection
EndGlobal
